
Microsoft Visual Studio Solution File, Format Version 12.00
# Visual Studio Version 17
VisualStudioVersion = 17.5.002.0
MinimumVisualStudioVersion = 10.0.40219.1
Project("{9A19103F-16F7-4668-BE54-9A1E7A4F7556}") = "cc-d1-my-wallet-NyH1409", "cc-d1-my-wallet-NyH1409.csproj", "{A41EA055-6692-4496-9AEE-3AE31FFBE6C8}"
EndProject
Global
	GlobalSection(SolutionConfigurationPlatforms) = preSolution
		Debug|Any CPU = Debug|Any CPU
		Release|Any CPU = Release|Any CPU
	EndGlobalSection
	GlobalSection(ProjectConfigurationPlatforms) = postSolution
		{A41EA055-6692-4496-9AEE-3AE31FFBE6C8}.Debug|Any CPU.ActiveCfg = Debug|Any CPU
		{A41EA055-6692-4496-9AEE-3AE31FFBE6C8}.Debug|Any CPU.Build.0 = Debug|Any CPU
		{A41EA055-6692-4496-9AEE-3AE31FFBE6C8}.Release|Any CPU.ActiveCfg = Release|Any CPU
		{A41EA055-6692-4496-9AEE-3AE31FFBE6C8}.Release|Any CPU.Build.0 = Release|Any CPU
	EndGlobalSection
	GlobalSection(SolutionProperties) = preSolution
		HideSolutionNode = FALSE
	EndGlobalSection
	GlobalSection(ExtensibilityGlobals) = postSolution
		SolutionGuid = {2D35B7D2-2A30-4325-9311-3AC551DACE1E}
	EndGlobalSection
EndGlobal
